{
  "name": "script-mpe",
  "version": "0.0.4-dev",
  "lockfileVersion": 1,
  "requires": true,
  "dependencies": {
    "abstract-leveldown": {
      "version": "2.6.1",
      "resolved": "https://registry.npmjs.org/abstract-leveldown/-/abstract-leveldown-2.6.1.tgz",
      "integrity": "sha1-+QFKVmm3RkGOFFFo3qSaBErhWQA=",
      "requires": {
        "xtend": "https://registry.npmjs.org/xtend/-/xtend-4.0.1.tgz"
      }
    },
    "amdefine": {
      "version": "0.0.8",
      "resolved": "https://registry.npmjs.org/amdefine/-/amdefine-0.0.8.tgz",
      "integrity": "sha1-NNyMmB5qyzvhhTvvjw7JSjnVW6A="
    },
    "ansi-regex": {
      "version": "https://registry.npmjs.org/ansi-regex/-/ansi-regex-2.1.1.tgz",
      "integrity": "sha1-w7M6te42DYbg5ijwRorn7yfWVN8="
    },
    "aproba": {
      "version": "1.1.2",
      "resolved": "https://registry.npmjs.org/aproba/-/aproba-1.1.2.tgz",
      "integrity": "sha512-ZpYajIfO0j2cOFTO955KUMIKNmj6zhX8kVztMAxFsDaMwz+9Z9SV0uou2pC9HJqcfpffOsjnbrDMvkNy+9RXPw=="
    },
    "are-we-there-yet": {
      "version": "1.1.4",
      "resolved": "https://registry.npmjs.org/are-we-there-yet/-/are-we-there-yet-1.1.4.tgz",
      "integrity": "sha1-u13KOCu5TwXhUZQ3PRb9O6HKEQ0=",
      "requires": {
        "delegates": "1.0.0",
        "readable-stream": "2.3.3"
      }
    },
    "bencode": {
      "version": "https://registry.npmjs.org/bencode/-/bencode-0.11.0.tgz",
      "integrity": "sha1-fqZdTOADADk6Q6ktVkC2+wIE3GQ="
    },
    "bindings": {
      "version": "1.2.1",
      "resolved": "https://registry.npmjs.org/bindings/-/bindings-1.2.1.tgz",
      "integrity": "sha1-FK1hE4EtLTfXLme0ystLtyZQXxE="
    },
    "bl": {
      "version": "1.2.1",
      "resolved": "https://registry.npmjs.org/bl/-/bl-1.2.1.tgz",
      "integrity": "sha1-ysMo977kVzDUBLaSID/LWQ4XLV4=",
      "requires": {
        "readable-stream": "2.3.3"
      }
    },
    "blob-to-buffer": {
      "version": "https://registry.npmjs.org/blob-to-buffer/-/blob-to-buffer-1.2.6.tgz",
      "integrity": "sha1-CJrCZMaGtz6tbFOaSEqAA7+7IDM="
    },
    "chownr": {
      "version": "1.0.1",
      "resolved": "https://registry.npmjs.org/chownr/-/chownr-1.0.1.tgz",
      "integrity": "sha1-4qdQQqlVGQi+vSW4Uj1fl2nXkYE="
    },
    "code-point-at": {
      "version": "1.1.0",
      "resolved": "https://registry.npmjs.org/code-point-at/-/code-point-at-1.1.0.tgz",
      "integrity": "sha1-DQcLTQQ6W+ozovGkDi7bPZpMz3c="
    },
    "console-control-strings": {
      "version": "1.1.0",
      "resolved": "https://registry.npmjs.org/console-control-strings/-/console-control-strings-1.1.0.tgz",
      "integrity": "sha1-PXz0Rk22RG6mRL9LOVB/mFEAjo4="
    },
    "core-util-is": {
      "version": "https://registry.npmjs.org/core-util-is/-/core-util-is-1.0.2.tgz",
      "integrity": "sha1-tf1UIgqivFq1eqtxQMlAdUUDwac="
    },
    "deep-extend": {
      "version": "0.4.2",
      "resolved": "https://registry.npmjs.org/deep-extend/-/deep-extend-0.4.2.tgz",
      "integrity": "sha1-SLaZwn4zS/ifEIkr5DL25MfTSn8="
    },
    "deferred-leveldown": {
      "version": "https://registry.npmjs.org/deferred-leveldown/-/deferred-leveldown-1.2.1.tgz",
      "integrity": "sha1-XSXDMQ9f6QmUb2JA3J+Q3RCace8=",
      "requires": {
        "abstract-leveldown": "https://registry.npmjs.org/abstract-leveldown/-/abstract-leveldown-2.4.1.tgz"
      },
      "dependencies": {
        "abstract-leveldown": {
          "version": "https://registry.npmjs.org/abstract-leveldown/-/abstract-leveldown-2.4.1.tgz",
          "integrity": "sha1-s7/tuITraToSd18MVenwpCDM7mQ=",
          "requires": {
            "xtend": "https://registry.npmjs.org/xtend/-/xtend-4.0.1.tgz"
          }
        }
      }
    },
    "delegates": {
      "version": "1.0.0",
      "resolved": "https://registry.npmjs.org/delegates/-/delegates-1.0.0.tgz",
      "integrity": "sha1-hMbhWbgZBP3KWaDvRM2HDTElD5o="
    },
    "end-of-stream": {
      "version": "1.4.0",
      "resolved": "https://registry.npmjs.org/end-of-stream/-/end-of-stream-1.4.0.tgz",
      "integrity": "sha1-epDYM+/abPpurA9JSduw+tOmMgY=",
      "requires": {
        "once": "https://registry.npmjs.org/once/-/once-1.4.0.tgz"
      }
    },
    "errno": {
      "version": "https://registry.npmjs.org/errno/-/errno-0.1.4.tgz",
      "integrity": "sha1-uJbiOp5ei6M4cfyZar02NfyaHH0=",
      "requires": {
        "prr": "https://registry.npmjs.org/prr/-/prr-0.0.0.tgz"
      },
      "dependencies": {
        "prr": {
          "version": "https://registry.npmjs.org/prr/-/prr-0.0.0.tgz",
          "integrity": "sha1-GoS4WQgyVQFBGFPQCB7j+obikmo="
        }
      }
    },
    "expand-template": {
      "version": "1.0.3",
      "resolved": "https://registry.npmjs.org/expand-template/-/expand-template-1.0.3.tgz",
      "integrity": "sha1-bDAzIxd6YrGyLAcCefeGEoe2mxo="
    },
    "fast-future": {
      "version": "1.0.2",
      "resolved": "https://registry.npmjs.org/fast-future/-/fast-future-1.0.2.tgz",
      "integrity": "sha1-hDWpqqAteSSNF9cE52JZMB2ZKAo="
    },
    "gauge": {
      "version": "2.7.4",
      "resolved": "https://registry.npmjs.org/gauge/-/gauge-2.7.4.tgz",
      "integrity": "sha1-LANAXHU4w51+s3sxcCLjJfsBi/c=",
      "requires": {
        "aproba": "1.1.2",
        "console-control-strings": "1.1.0",
        "has-unicode": "2.0.1",
        "object-assign": "4.1.1",
        "signal-exit": "3.0.2",
        "string-width": "1.0.2",
        "strip-ansi": "3.0.1",
        "wide-align": "1.1.2"
      }
    },
    "get-stdin": {
      "version": "https://registry.npmjs.org/get-stdin/-/get-stdin-5.0.1.tgz",
      "integrity": "sha1-Ei4WFZHiH/TFJTAwVpPyDmOTo5g="
    },
    "github-from-package": {
      "version": "0.0.0",
      "resolved": "https://registry.npmjs.org/github-from-package/-/github-from-package-0.0.0.tgz",
      "integrity": "sha1-l/tdlr/eiXMxPyDoKI75oWf6ZM4="
    },
    "has-unicode": {
      "version": "2.0.1",
      "resolved": "https://registry.npmjs.org/has-unicode/-/has-unicode-2.0.1.tgz",
      "integrity": "sha1-4Ob+aijPUROIVeCG0Wkedx3iqLk="
    },
    "inherits": {
      "version": "https://registry.npmjs.org/inherits/-/inherits-2.0.3.tgz",
      "integrity": "sha1-Yzwsg+PaQqUC9SRmAiSA9CCCYd4="
    },
    "ini": {
      "version": "1.3.4",
      "resolved": "https://registry.npmjs.org/ini/-/ini-1.3.4.tgz",
      "integrity": "sha1-BTfLedr1m1mhpRff9wbIbsA5Fi4="
    },
    "is-fullwidth-code-point": {
      "version": "1.0.0",
      "resolved": "https://registry.npmjs.org/is-fullwidth-code-point/-/is-fullwidth-code-point-1.0.0.tgz",
      "integrity": "sha1-754xOG8DGn8NZDr4L95QxFfvAMs=",
      "requires": {
        "number-is-nan": "1.0.1"
      }
    },
    "isarray": {
      "version": "1.0.0",
      "resolved": "https://registry.npmjs.org/isarray/-/isarray-1.0.0.tgz",
      "integrity": "sha1-u5NdSFgsuhaMBoNJV6VKPgcSTxE="
    },
    "know-your-http-well": {
      "version": "0.5.0",
      "resolved": "https://registry.npmjs.org/know-your-http-well/-/know-your-http-well-0.5.0.tgz",
      "integrity": "sha1-XQOQAxBHmanXf8KZjP1TlnWyVr4=",
      "requires": {
        "amdefine": "0.0.8"
      }
    },
    "level-codec": {
      "version": "https://registry.npmjs.org/level-codec/-/level-codec-6.1.0.tgz",
      "integrity": "sha1-9d8KmVgvdtrEOFUVGrb05NDWAEU="
    },
    "level-errors": {
      "version": "https://registry.npmjs.org/level-errors/-/level-errors-1.0.4.tgz",
      "integrity": "sha1-NYXmI5dMc3qTdVSSpDwCZ82kQl8=",
      "requires": {
        "errno": "https://registry.npmjs.org/errno/-/errno-0.1.4.tgz"
      }
    },
    "level-iterator-stream": {
      "version": "https://registry.npmjs.org/level-iterator-stream/-/level-iterator-stream-1.3.1.tgz",
      "integrity": "sha1-5Dt4sagUPm+pek9IXrjqUwNS8u0=",
      "requires": {
        "inherits": "https://registry.npmjs.org/inherits/-/inherits-2.0.3.tgz",
        "level-errors": "https://registry.npmjs.org/level-errors/-/level-errors-1.0.4.tgz",
        "readable-stream": "https://registry.npmjs.org/readable-stream/-/readable-stream-1.1.14.tgz",
        "xtend": "https://registry.npmjs.org/xtend/-/xtend-4.0.1.tgz"
      },
      "dependencies": {
        "isarray": {
          "version": "https://registry.npmjs.org/isarray/-/isarray-0.0.1.tgz",
          "integrity": "sha1-ihis/Kmo9Bd+Cav8YDiTmwXR7t8="
        },
        "readable-stream": {
          "version": "https://registry.npmjs.org/readable-stream/-/readable-stream-1.1.14.tgz",
          "integrity": "sha1-fPTFTvZI44EwhMY23SB54WbAgdk=",
          "requires": {
            "core-util-is": "https://registry.npmjs.org/core-util-is/-/core-util-is-1.0.2.tgz",
            "inherits": "https://registry.npmjs.org/inherits/-/inherits-2.0.3.tgz",
            "isarray": "https://registry.npmjs.org/isarray/-/isarray-0.0.1.tgz",
            "string_decoder": "http://registry.npmjs.org/string_decoder/-/string_decoder-0.10.31.tgz"
          }
        }
      }
    },
    "leveldown": {
      "version": "1.7.2",
      "resolved": "https://registry.npmjs.org/leveldown/-/leveldown-1.7.2.tgz",
      "integrity": "sha1-XjRnuyfuJGpKe429j7KxYgam64s=",
      "requires": {
        "abstract-leveldown": "2.6.1",
        "bindings": "1.2.1",
        "fast-future": "1.0.2",
        "nan": "2.6.2",
        "prebuild-install": "2.2.1"
      }
    },
    "levelup": {
      "version": "https://registry.npmjs.org/levelup/-/levelup-1.3.3.tgz",
      "integrity": "sha1-v522K9thiNCOqqLvz2zDEZFvQf0=",
      "requires": {
        "deferred-leveldown": "https://registry.npmjs.org/deferred-leveldown/-/deferred-leveldown-1.2.1.tgz",
        "level-codec": "https://registry.npmjs.org/level-codec/-/level-codec-6.1.0.tgz",
        "level-errors": "https://registry.npmjs.org/level-errors/-/level-errors-1.0.4.tgz",
        "level-iterator-stream": "https://registry.npmjs.org/level-iterator-stream/-/level-iterator-stream-1.3.1.tgz",
        "prr": "https://registry.npmjs.org/prr/-/prr-1.0.1.tgz",
        "semver": "https://registry.npmjs.org/semver/-/semver-5.1.1.tgz",
        "xtend": "https://registry.npmjs.org/xtend/-/xtend-4.0.1.tgz"
      }
    },
    "lodash": {
      "version": "https://registry.npmjs.org/lodash/-/lodash-4.17.4.tgz",
      "integrity": "sha1-eCA6TRwyiuHYbcpkYONptX9AVa4="
    },
    "magnet-uri": {
      "version": "https://registry.npmjs.org/magnet-uri/-/magnet-uri-5.1.5.tgz",
      "integrity": "sha1-vmq78mSHlsbW425mQW9+D+7PLfg=",
      "requires": {
        "thirty-two": "https://registry.npmjs.org/thirty-two/-/thirty-two-1.0.2.tgz",
        "uniq": "https://registry.npmjs.org/uniq/-/uniq-1.0.1.tgz",
        "xtend": "https://registry.npmjs.org/xtend/-/xtend-4.0.1.tgz"
      }
    },
    "minimist": {
      "version": "1.2.0",
      "resolved": "https://registry.npmjs.org/minimist/-/minimist-1.2.0.tgz",
      "integrity": "sha1-o1AIsg9BOD7sH7kU9M1d95omQoQ="
    },
    "mkdirp": {
      "version": "0.5.1",
      "resolved": "https://registry.npmjs.org/mkdirp/-/mkdirp-0.5.1.tgz",
      "integrity": "sha1-MAV0OOrGz3+MR2fzhkjWaX11yQM=",
      "requires": {
        "minimist": "0.0.8"
      },
      "dependencies": {
        "minimist": {
          "version": "0.0.8",
          "resolved": "https://registry.npmjs.org/minimist/-/minimist-0.0.8.tgz",
          "integrity": "sha1-hX/Kv8M5fSYluCKCYuhqp6ARsF0="
        }
      }
    },
    "nan": {
      "version": "2.6.2",
      "resolved": "https://registry.npmjs.org/nan/-/nan-2.6.2.tgz",
      "integrity": "sha1-5P805slf37WuzAjeZZb0NgWn20U="
    },
    "neodoc": {
      "version": "https://registry.npmjs.org/neodoc/-/neodoc-1.3.1.tgz",
      "integrity": "sha1-1v7uPYzip12raPnUDLmGdXA8GlM=",
      "requires": {
        "ansi-regex": "https://registry.npmjs.org/ansi-regex/-/ansi-regex-2.1.1.tgz"
      }
    },
    "node-abi": {
      "version": "2.1.0",
      "resolved": "https://registry.npmjs.org/node-abi/-/node-abi-2.1.0.tgz",
      "integrity": "sha512-AbW35CPRE4vdieOse46V+16dKispLNv3PQwgqlcfg7GQeQHcLu3gvp3fbU2gTh7d8NfGjp5CJh+j4Hpyb0XzaA=="
    },
    "noop-logger": {
      "version": "0.1.1",
      "resolved": "https://registry.npmjs.org/noop-logger/-/noop-logger-0.1.1.tgz",
      "integrity": "sha1-lKKxYzxPExdVMAfYlm/Q6EG2pMI="
    },
    "npmlog": {
      "version": "4.1.2",
      "resolved": "https://registry.npmjs.org/npmlog/-/npmlog-4.1.2.tgz",
      "integrity": "sha512-2uUqazuKlTaSI/dC8AzicUck7+IrEaOnN/e0jd3Xtt1KcGpwx30v50mL7oPyr/h9bL3E4aZccVwpwP+5W9Vjkg==",
      "requires": {
        "are-we-there-yet": "1.1.4",
        "console-control-strings": "1.1.0",
        "gauge": "2.7.4",
        "set-blocking": "2.0.0"
      }
    },
    "number-is-nan": {
      "version": "1.0.1",
      "resolved": "https://registry.npmjs.org/number-is-nan/-/number-is-nan-1.0.1.tgz",
      "integrity": "sha1-CXtgK1NCKlIsGvuHkDGDNpQaAR0="
    },
    "object-assign": {
      "version": "4.1.1",
      "resolved": "https://registry.npmjs.org/object-assign/-/object-assign-4.1.1.tgz",
      "integrity": "sha1-IQmtx5ZYh8/AXLvUQsrIv7s2CGM="
    },
    "once": {
      "version": "https://registry.npmjs.org/once/-/once-1.4.0.tgz",
      "integrity": "sha1-WDsap3WWHUsROsF9nFC6753Xa9E=",
      "requires": {
        "wrappy": "https://registry.npmjs.org/wrappy/-/wrappy-1.0.2.tgz"
      }
    },
    "os-homedir": {
      "version": "1.0.2",
      "resolved": "https://registry.npmjs.org/os-homedir/-/os-homedir-1.0.2.tgz",
      "integrity": "sha1-/7xJiDNuDoM94MFox+8VISGqf7M="
    },
    "parse-torrent": {
      "version": "https://registry.npmjs.org/parse-torrent/-/parse-torrent-5.8.1.tgz",
      "integrity": "sha1-KUUrnq5KG0l/EuWAwc9vqWguXGg=",
      "requires": {
        "blob-to-buffer": "https://registry.npmjs.org/blob-to-buffer/-/blob-to-buffer-1.2.6.tgz",
        "get-stdin": "https://registry.npmjs.org/get-stdin/-/get-stdin-5.0.1.tgz",
        "magnet-uri": "https://registry.npmjs.org/magnet-uri/-/magnet-uri-5.1.5.tgz",
        "parse-torrent-file": "https://registry.npmjs.org/parse-torrent-file/-/parse-torrent-file-4.0.1.tgz",
        "simple-get": "https://registry.npmjs.org/simple-get/-/simple-get-2.4.0.tgz"
      }
    },
    "parse-torrent-file": {
      "version": "https://registry.npmjs.org/parse-torrent-file/-/parse-torrent-file-4.0.1.tgz",
      "integrity": "sha1-RYDF67P25ge6oC7wrOUfYnhZ5pk=",
      "requires": {
        "bencode": "https://registry.npmjs.org/bencode/-/bencode-0.11.0.tgz",
        "simple-sha1": "https://registry.npmjs.org/simple-sha1/-/simple-sha1-2.1.0.tgz",
        "uniq": "https://registry.npmjs.org/uniq/-/uniq-1.0.1.tgz"
      }
    },
    "prebuild-install": {
      "version": "2.2.1",
      "resolved": "https://registry.npmjs.org/prebuild-install/-/prebuild-install-2.2.1.tgz",
      "integrity": "sha512-y/sgNJ49vjXQ3qYdSI/jTRZq6D7g5Q2euK6x0/L8dvwK1EGvNLidtg2t4PZzTgkR6LahkzpYVshOmHKYtp0AlQ==",
      "requires": {
        "expand-template": "1.0.3",
        "github-from-package": "0.0.0",
        "minimist": "1.2.0",
        "mkdirp": "0.5.1",
        "node-abi": "2.1.0",
        "noop-logger": "0.1.1",
        "npmlog": "4.1.2",
        "os-homedir": "1.0.2",
        "pump": "1.0.2",
        "rc": "1.2.1",
        "simple-get": "1.4.3",
        "tar-fs": "1.15.3",
        "tunnel-agent": "0.6.0",
        "xtend": "https://registry.npmjs.org/xtend/-/xtend-4.0.1.tgz"
      },
      "dependencies": {
        "simple-get": {
          "version": "1.4.3",
          "resolved": "https://registry.npmjs.org/simple-get/-/simple-get-1.4.3.tgz",
          "integrity": "sha1-6XVe2kB+ltpAxeUVjJ6jezO+y+s=",
          "requires": {
            "once": "https://registry.npmjs.org/once/-/once-1.4.0.tgz",
            "unzip-response": "1.0.2",
            "xtend": "https://registry.npmjs.org/xtend/-/xtend-4.0.1.tgz"
          }
        },
        "unzip-response": {
          "version": "1.0.2",
          "resolved": "https://registry.npmjs.org/unzip-response/-/unzip-response-1.0.2.tgz",
          "integrity": "sha1-uYTwh3/AqJwsdzzB73tbIytbBv4="
        }
      }
    },
    "process-nextick-args": {
      "version": "1.0.7",
      "resolved": "https://registry.npmjs.org/process-nextick-args/-/process-nextick-args-1.0.7.tgz",
      "integrity": "sha1-FQ4gt1ZZCtP5EJPyWk8q2L/zC6M="
    },
    "prr": {
      "version": "https://registry.npmjs.org/prr/-/prr-1.0.1.tgz",
      "integrity": "sha1-0/wRS6BplaRexok/SEzrHXj19HY="
    },
    "pump": {
      "version": "1.0.2",
      "resolved": "https://registry.npmjs.org/pump/-/pump-1.0.2.tgz",
      "integrity": "sha1-Oz7mUS+U8OV1U4wXmV+fFpkKXVE=",
      "requires": {
        "end-of-stream": "1.4.0",
        "once": "https://registry.npmjs.org/once/-/once-1.4.0.tgz"
      }
    },
    "rc": {
      "version": "1.2.1",
      "resolved": "https://registry.npmjs.org/rc/-/rc-1.2.1.tgz",
      "integrity": "sha1-LgPo5C7kULjLPc5lvhv4l04d/ZU=",
      "requires": {
        "deep-extend": "0.4.2",
        "ini": "1.3.4",
        "minimist": "1.2.0",
        "strip-json-comments": "2.0.1"
      }
    },
    "readable-stream": {
      "version": "2.3.3",
      "resolved": "https://registry.npmjs.org/readable-stream/-/readable-stream-2.3.3.tgz",
      "integrity": "sha512-m+qzzcn7KUxEmd1gMbchF+Y2eIUbieUaxkWtptyHywrX0rE8QEYqPC07Vuy4Wm32/xE16NcdBctb8S0Xe/5IeQ==",
      "requires": {
        "core-util-is": "https://registry.npmjs.org/core-util-is/-/core-util-is-1.0.2.tgz",
        "inherits": "https://registry.npmjs.org/inherits/-/inherits-2.0.3.tgz",
        "isarray": "1.0.0",
        "process-nextick-args": "1.0.7",
        "safe-buffer": "5.1.1",
        "string_decoder": "1.0.3",
        "util-deprecate": "1.0.2"
      },
      "dependencies": {
        "string_decoder": {
          "version": "1.0.3",
          "resolved": "https://registry.npmjs.org/string_decoder/-/string_decoder-1.0.3.tgz",
          "integrity": "sha512-4AH6Z5fzNNBcH+6XDMfA/BTt87skxqJlO0lAh3Dker5zThcAxG6mKz+iGu308UKoPPQ8Dcqx/4JhujzltRa+hQ==",
          "requires": {
            "safe-buffer": "5.1.1"
          }
        }
      }
    },
    "rusha": {
      "version": "https://registry.npmjs.org/rusha/-/rusha-0.8.5.tgz",
      "integrity": "sha1-owrpvVpOgPvJb756EyMrlEviT4Q="
    },
    "safe-buffer": {
      "version": "5.1.1",
      "resolved": "https://registry.npmjs.org/safe-buffer/-/safe-buffer-5.1.1.tgz",
      "integrity": "sha512-kKvNJn6Mm93gAczWVJg7wH+wGYWNrDHdWvpUmHyEsgCtIwwo3bqPtV4tR5tuPaUhTOo/kvhVwd8XwwOllGYkbg=="
    },
    "semver": {
      "version": "https://registry.npmjs.org/semver/-/semver-5.1.1.tgz",
      "integrity": "sha1-oykqNz5vPgeY2gsgZBuanFvEfhk="
    },
    "set-blocking": {
      "version": "2.0.0",
      "resolved": "https://registry.npmjs.org/set-blocking/-/set-blocking-2.0.0.tgz",
      "integrity": "sha1-BF+XgtARrppoA93TgrJDkrPYkPc="
    },
    "signal-exit": {
      "version": "3.0.2",
      "resolved": "https://registry.npmjs.org/signal-exit/-/signal-exit-3.0.2.tgz",
      "integrity": "sha1-tf3AjxKH6hF4Yo5BXiUTK3NkbG0="
    },
    "simple-concat": {
      "version": "https://registry.npmjs.org/simple-concat/-/simple-concat-1.0.0.tgz",
      "integrity": "sha1-c0TLuLbib7J9ZrL8hvn21Zl1IcY="
    },
    "simple-get": {
      "version": "https://registry.npmjs.org/simple-get/-/simple-get-2.4.0.tgz",
      "integrity": "sha1-Ma50eOoAQrEHx0Olr2VzM9d498I=",
      "requires": {
        "once": "https://registry.npmjs.org/once/-/once-1.4.0.tgz",
        "simple-concat": "https://registry.npmjs.org/simple-concat/-/simple-concat-1.0.0.tgz",
        "unzip-response": "https://registry.npmjs.org/unzip-response/-/unzip-response-2.0.1.tgz"
      }
    },
    "simple-sha1": {
      "version": "https://registry.npmjs.org/simple-sha1/-/simple-sha1-2.1.0.tgz",
      "integrity": "sha1-lCe7lv8SY8wQqEFM7dUaGLkZ6LM=",
      "requires": {
        "rusha": "https://registry.npmjs.org/rusha/-/rusha-0.8.5.tgz"
      }
    },
    "string_decoder": {
      "version": "http://registry.npmjs.org/string_decoder/-/string_decoder-0.10.31.tgz",
      "integrity": "sha1-YuIDvEF2bGwoyfyEMB2rHFMQ+pQ="
    },
    "string-width": {
      "version": "1.0.2",
      "resolved": "https://registry.npmjs.org/string-width/-/string-width-1.0.2.tgz",
      "integrity": "sha1-EYvfW4zcUaKn5w0hHgfisLmxB9M=",
      "requires": {
        "code-point-at": "1.1.0",
        "is-fullwidth-code-point": "1.0.0",
        "strip-ansi": "3.0.1"
      }
    },
    "strip-ansi": {
      "version": "3.0.1",
      "resolved": "https://registry.npmjs.org/strip-ansi/-/strip-ansi-3.0.1.tgz",
      "integrity": "sha1-ajhfuIU9lS1f8F0Oiq+UJ43GPc8=",
      "requires": {
        "ansi-regex": "https://registry.npmjs.org/ansi-regex/-/ansi-regex-2.1.1.tgz"
      }
    },
    "strip-json-comments": {
      "version": "2.0.1",
      "resolved": "https://registry.npmjs.org/strip-json-comments/-/strip-json-comments-2.0.1.tgz",
      "integrity": "sha1-PFMZQukIwml8DsNEhYwobHygpgo="
    },
    "tar-fs": {
      "version": "1.15.3",
      "resolved": "https://registry.npmjs.org/tar-fs/-/tar-fs-1.15.3.tgz",
      "integrity": "sha1-7M+TXpQUk9gVECjmNuUc5MPKfyA=",
      "requires": {
        "chownr": "1.0.1",
        "mkdirp": "0.5.1",
        "pump": "1.0.2",
        "tar-stream": "1.5.4"
      }
    },
    "tar-stream": {
      "version": "1.5.4",
      "resolved": "https://registry.npmjs.org/tar-stream/-/tar-stream-1.5.4.tgz",
      "integrity": "sha1-NlSc8E7RrumyowwBQyUiONr5QBY=",
      "requires": {
        "bl": "1.2.1",
        "end-of-stream": "1.4.0",
        "readable-stream": "2.3.3",
        "xtend": "https://registry.npmjs.org/xtend/-/xtend-4.0.1.tgz"
      }
    },
    "thirty-two": {
      "version": "https://registry.npmjs.org/thirty-two/-/thirty-two-1.0.2.tgz",
      "integrity": "sha1-TKL//AKlEpDSdEueP1V2k8prYno="
    },
    "tunnel-agent": {
      "version": "0.6.0",
      "resolved": "https://registry.npmjs.org/tunnel-agent/-/tunnel-agent-0.6.0.tgz",
      "integrity": "sha1-J6XeoGs2sEoKmWZ3SykIaPD8QP0=",
      "requires": {
        "safe-buffer": "5.1.1"
      }
    },
    "uniq": {
      "version": "https://registry.npmjs.org/uniq/-/uniq-1.0.1.tgz",
      "integrity": "sha1-sxxa6CVIRKOoKBVBzisEuGWnNP8="
    },
    "unzip-response": {
      "version": "https://registry.npmjs.org/unzip-response/-/unzip-response-2.0.1.tgz",
      "integrity": "sha1-0vD3N9FrBhXnKmk17QQhRXLVb5c="
    },
    "util-deprecate": {
      "version": "1.0.2",
      "resolved": "https://registry.npmjs.org/util-deprecate/-/util-deprecate-1.0.2.tgz",
      "integrity": "sha1-RQ1Nyfpw3nMnYvvS1KKJgUGaDM8="
    },
    "wide-align": {
      "version": "1.1.2",
      "resolved": "https://registry.npmjs.org/wide-align/-/wide-align-1.1.2.tgz",
      "integrity": "sha512-ijDLlyQ7s6x1JgCLur53osjm/UXUYD9+0PbYKrBsYisYXzCxN+HC3mYDNy/dWdmf3AwqwU3CXwDCvsNgGK1S0w==",
      "requires": {
        "string-width": "1.0.2"
      }
    },
    "wrappy": {
      "version": "https://registry.npmjs.org/wrappy/-/wrappy-1.0.2.tgz",
      "integrity": "sha1-tSQ9jz7BqjXxNkYFvA0QNuMKtp8="
    },
    "xtend": {
      "version": "https://registry.npmjs.org/xtend/-/xtend-4.0.1.tgz",
      "integrity": "sha1-pcbVMr5lbiPbgg77lDofBJmNY68="
    }
  }
}
